
Microsoft Visual Studio Solution File, Format Version 12.00
# Visual Studio 15
VisualStudioVersion = 15.0.26403.7
MinimumVisualStudioVersion = 10.0.40219.1
Project("{FAE04EC0-301F-11D3-BF4B-00C04F79EFBC}") = "Nappy.Tests", "Nappy.Tests\Nappy.Tests.csproj", "{BB6B017C-4497-446E-90F5-72AF4FABEB39}"
EndProject
Project("{FAE04EC0-301F-11D3-BF4B-00C04F79EFBC}") = "Nappy.Core", "Nappy.Core\Nappy.Core.csproj", "{90F10BBA-D71D-4B4C-B798-45768B64A81F}"
EndProject
Global
	GlobalSection(SolutionConfigurationPlatforms) = preSolution
		Debug|Any CPU = Debug|Any CPU
		Release|Any CPU = Release|Any CPU
	EndGlobalSection
	GlobalSection(ProjectConfigurationPlatforms) = postSolution
		{BB6B017C-4497-446E-90F5-72AF4FABEB39}.Debug|Any CPU.ActiveCfg = Debug|Any CPU
		{BB6B017C-4497-446E-90F5-72AF4FABEB39}.Debug|Any CPU.Build.0 = Debug|Any CPU
		{BB6B017C-4497-446E-90F5-72AF4FABEB39}.Release|Any CPU.ActiveCfg = Release|Any CPU
		{BB6B017C-4497-446E-90F5-72AF4FABEB39}.Release|Any CPU.Build.0 = Release|Any CPU
		{90F10BBA-D71D-4B4C-B798-45768B64A81F}.Debug|Any CPU.ActiveCfg = Debug|Any CPU
		{90F10BBA-D71D-4B4C-B798-45768B64A81F}.Debug|Any CPU.Build.0 = Debug|Any CPU
		{90F10BBA-D71D-4B4C-B798-45768B64A81F}.Release|Any CPU.ActiveCfg = Release|Any CPU
		{90F10BBA-D71D-4B4C-B798-45768B64A81F}.Release|Any CPU.Build.0 = Release|Any CPU
	EndGlobalSection
	GlobalSection(SolutionProperties) = preSolution
		HideSolutionNode = FALSE
	EndGlobalSection
	GlobalSection(ExtensibilityGlobals) = postSolution
		SolutionGuid = {5F9B371C-E92D-4F45-BAB9-0C87FA2F758C}
	EndGlobalSection
EndGlobal
